
Microsoft Visual Studio Solution File, Format Version 12.00
# Visual Studio Version 17
VisualStudioVersion = 17.9.34714.143
MinimumVisualStudioVersion = 10.0.40219.1
Project("{FAE04EC0-301F-11D3-BF4B-00C04F79EFBC}") = "QuiagenTest", "QuiagenTest\QuiagenTest.csproj", "{70CA7EAB-1F11-460D-B1A2-3A5C93D9C88D}"
EndProject
Project("{FAE04EC0-301F-11D3-BF4B-00C04F79EFBC}") = "Pages", "Pages\Pages.csproj", "{A2416DDD-DDA8-4B3E-A3CF-842D904AA9BB}"
EndProject
Project("{FAE04EC0-301F-11D3-BF4B-00C04F79EFBC}") = "Resourses", "Resourses\Resourses.csproj", "{0F5724C7-8387-4359-843F-A8A0D9F4B458}"
EndProject
Global
	GlobalSection(SolutionConfigurationPlatforms) = preSolution
		Debug|Any CPU = Debug|Any CPU
		Release|Any CPU = Release|Any CPU
	EndGlobalSection
	GlobalSection(ProjectConfigurationPlatforms) = postSolution
		{70CA7EAB-1F11-460D-B1A2-3A5C93D9C88D}.Debug|Any CPU.ActiveCfg = Debug|Any CPU
		{70CA7EAB-1F11-460D-B1A2-3A5C93D9C88D}.Debug|Any CPU.Build.0 = Debug|Any CPU
		{70CA7EAB-1F11-460D-B1A2-3A5C93D9C88D}.Release|Any CPU.ActiveCfg = Release|Any CPU
		{70CA7EAB-1F11-460D-B1A2-3A5C93D9C88D}.Release|Any CPU.Build.0 = Release|Any CPU
		{A2416DDD-DDA8-4B3E-A3CF-842D904AA9BB}.Debug|Any CPU.ActiveCfg = Debug|Any CPU
		{A2416DDD-DDA8-4B3E-A3CF-842D904AA9BB}.Debug|Any CPU.Build.0 = Debug|Any CPU
		{A2416DDD-DDA8-4B3E-A3CF-842D904AA9BB}.Release|Any CPU.ActiveCfg = Release|Any CPU
		{A2416DDD-DDA8-4B3E-A3CF-842D904AA9BB}.Release|Any CPU.Build.0 = Release|Any CPU
		{0F5724C7-8387-4359-843F-A8A0D9F4B458}.Debug|Any CPU.ActiveCfg = Debug|Any CPU
		{0F5724C7-8387-4359-843F-A8A0D9F4B458}.Debug|Any CPU.Build.0 = Debug|Any CPU
		{0F5724C7-8387-4359-843F-A8A0D9F4B458}.Release|Any CPU.ActiveCfg = Release|Any CPU
		{0F5724C7-8387-4359-843F-A8A0D9F4B458}.Release|Any CPU.Build.0 = Release|Any CPU
	EndGlobalSection
	GlobalSection(SolutionProperties) = preSolution
		HideSolutionNode = FALSE
	EndGlobalSection
	GlobalSection(ExtensibilityGlobals) = postSolution
		SolutionGuid = {3C3D6B3D-AFC2-45CD-9279-99B110489CC9}
	EndGlobalSection
EndGlobal
